
Microsoft Visual Studio Solution File, Format Version 12.00
# Visual Studio Version 16
VisualStudioVersion = 16.0.30309.148
MinimumVisualStudioVersion = 10.0.40219.1
Project("{FAE04EC0-301F-11D3-BF4B-00C04F79EFBC}") = "SEN381 Pr", "SEN381 Pr\SEN381 Pr.csproj", "{496A38F9-D21F-46DB-93F9-485471C689C1}"
EndProject
Global
	GlobalSection(SolutionConfigurationPlatforms) = preSolution
		Debug|Any CPU = Debug|Any CPU
		Release|Any CPU = Release|Any CPU
	EndGlobalSection
	GlobalSection(ProjectConfigurationPlatforms) = postSolution
		{496A38F9-D21F-46DB-93F9-485471C689C1}.Debug|Any CPU.ActiveCfg = Debug|Any CPU
		{496A38F9-D21F-46DB-93F9-485471C689C1}.Debug|Any CPU.Build.0 = Debug|Any CPU
		{496A38F9-D21F-46DB-93F9-485471C689C1}.Release|Any CPU.ActiveCfg = Release|Any CPU
		{496A38F9-D21F-46DB-93F9-485471C689C1}.Release|Any CPU.Build.0 = Release|Any CPU
	EndGlobalSection
	GlobalSection(SolutionProperties) = preSolution
		HideSolutionNode = FALSE
	EndGlobalSection
	GlobalSection(ExtensibilityGlobals) = postSolution
		SolutionGuid = {27A0F86B-8E42-42BD-8F89-A3356DFB8054}
	EndGlobalSection
EndGlobal
